
Microsoft Visual Studio Solution File, Format Version 12.00
Project("{FAE04EC0-301F-11D3-BF4B-00C04F79EFBC}") = "UserService", "UserService\UserService.csproj", "{A9E87735-84D6-418E-BECF-EEFC117844AB}"
EndProject
Project("{FAE04EC0-301F-11D3-BF4B-00C04F79EFBC}") = "IdentityServer", "IdentityServer\IdentityServer.csproj", "{1D4865A5-C445-4550-9DA1-7DBA56EB8E2C}"
EndProject
Global
	GlobalSection(SolutionConfigurationPlatforms) = preSolution
		Debug|Any CPU = Debug|Any CPU
		Release|Any CPU = Release|Any CPU
	EndGlobalSection
	GlobalSection(ProjectConfigurationPlatforms) = postSolution
		{A9E87735-84D6-418E-BECF-EEFC117844AB}.Debug|Any CPU.ActiveCfg = Debug|Any CPU
		{A9E87735-84D6-418E-BECF-EEFC117844AB}.Debug|Any CPU.Build.0 = Debug|Any CPU
		{A9E87735-84D6-418E-BECF-EEFC117844AB}.Release|Any CPU.ActiveCfg = Release|Any CPU
		{A9E87735-84D6-418E-BECF-EEFC117844AB}.Release|Any CPU.Build.0 = Release|Any CPU
		{1D4865A5-C445-4550-9DA1-7DBA56EB8E2C}.Debug|Any CPU.ActiveCfg = Debug|Any CPU
		{1D4865A5-C445-4550-9DA1-7DBA56EB8E2C}.Debug|Any CPU.Build.0 = Debug|Any CPU
		{1D4865A5-C445-4550-9DA1-7DBA56EB8E2C}.Release|Any CPU.ActiveCfg = Release|Any CPU
		{1D4865A5-C445-4550-9DA1-7DBA56EB8E2C}.Release|Any CPU.Build.0 = Release|Any CPU
	EndGlobalSection
EndGlobal
